# THIS IS AN AUTOGENERATED FILE. DO NOT EDIT THIS FILE DIRECTLY.
# yarn lockfile v1


"@types/node@^15.6.1":
  version "15.14.9"
  resolved "https://registry.yarnpkg.com/@types/node/-/node-15.14.9.tgz#bc43c990c3c9be7281868bbc7b8fdd6e2b57adfa"
  integrity sha512-qjd88DrCxupx/kJD5yQgZdcYKZKSIGBVDIBE1/LTGcNm3d2Np/jxojkdePDdfnBHJc5W7vSMpbJ1aB7p/Py69A==

compress-json@^2.1.1:
  version "2.1.2"
  resolved "https://registry.yarnpkg.com/compress-json/-/compress-json-2.1.2.tgz#37e0e7c7480c572fad9ad387fca5a2f36fee6f83"
  integrity sha512-91247RD8bKQXzRmXUS4zGT250mhw86+J9X8w2L2SGtRE7g0CvzjOETFaFmsDdaXPWv8T7L9iiM7kdcnnH3BH7w==

playwright-core@1.29.2:
  version "1.29.2"
  resolved "https://registry.yarnpkg.com/playwright-core/-/playwright-core-1.29.2.tgz#2e8347e7e8522409f22b244e600e703b64022406"
  integrity sha512-94QXm4PMgFoHAhlCuoWyaBYKb92yOcGVHdQLoxQ7Wjlc7Flg4aC/jbFW7xMR52OfXMVkWicue4WXE7QEegbIRA==

playwright@^1.11.1:
  version "1.29.2"
  resolved "https://registry.yarnpkg.com/playwright/-/playwright-1.29.2.tgz#d6a0a3e8e44f023f7956ed19ffa8af915a042769"
  integrity sha512-hKBYJUtdmYzcjdhYDkP9WGtORwwZBBKAW8+Lz7sr0ZMxtJr04ASXVzH5eBWtDkdb0c3LLFsehfPBTRfvlfKJOA==
  dependencies:
    playwright-core "1.29.2"

prettier@^2.3.2:
  version "2.8.3"
  resolved "https://registry.yarnpkg.com/prettier/-/prettier-2.8.3.tgz#ab697b1d3dd46fb4626fbe2f543afe0cc98d8632"
  integrity sha512-tJ/oJ4amDihPoufT5sM0Z1SKEuKay8LfVAMlbbhnnkvt6BUserZylqo2PN+p9KeljLr0OHa2rXHU1T8reeoTrw==

typescript@^4.1.2:
  version "4.9.4"
  resolved "https://registry.yarnpkg.com/typescript/-/typescript-4.9.4.tgz#a2a3d2756c079abda241d75f149df9d561091e78"
  integrity sha512-Uz+dTXYzxXXbsFpM86Wh3dKCxrQqUcVMxwU54orwlJjOpO3ao8L7j5lH+dWfTwgCwIuM9GQ2kvVotzYJMXTBZg==
