# THIS IS AN AUTOGENERATED FILE. DO NOT EDIT THIS FILE DIRECTLY.
# yarn lockfile v1


"@types/node@^15.6.1":
  version "15.14.9"
  resolved "https://registry.yarnpkg.com/@types/node/-/node-15.14.9.tgz#bc43c990c3c9be7281868bbc7b8fdd6e2b57adfa"
  integrity sha512-qjd88DrCxupx/kJD5yQgZdcYKZKSIGBVDIBE1/LTGcNm3d2Np/jxojkdePDdfnBHJc5W7vSMpbJ1aB7p/Py69A==

compress-json@^2.1.1:
  version "2.1.2"
  resolved "https://registry.yarnpkg.com/compress-json/-/compress-json-2.1.2.tgz#37e0e7c7480c572fad9ad387fca5a2f36fee6f83"
  integrity sha512-91247RD8bKQXzRmXUS4zGT250mhw86+J9X8w2L2SGtRE7g0CvzjOETFaFmsDdaXPWv8T7L9iiM7kdcnnH3BH7w==

fsevents@2.3.2:
  version "2.3.2"
  resolved "https://registry.yarnpkg.com/fsevents/-/fsevents-2.3.2.tgz#8a526f78b8fdf4623b709e0b975c52c24c02fd1a"
  integrity sha512-xiqMQR4xAeHTuB9uWm+fFRcIOgKBMiOBP+eXiyT7jsgVCq1bkVygt00oASowB7EdtpOHaaPgKt812P9ab+DDKA==

playwright-core@1.40.0:
  version "1.40.0"
  resolved "https://registry.yarnpkg.com/playwright-core/-/playwright-core-1.40.0.tgz#82f61e5504cb3097803b6f8bbd98190dd34bdf14"
  integrity sha512-fvKewVJpGeca8t0ipM56jkVSU6Eo0RmFvQ/MaCQNDYm+sdvKkMBBWTE1FdeMqIdumRaXXjZChWHvIzCGM/tA/Q==

playwright@^1.40.0:
  version "1.40.0"
  resolved "https://registry.yarnpkg.com/playwright/-/playwright-1.40.0.tgz#2a1824b9fe5c4fe52ed53db9ea68003543a99df0"
  integrity sha512-gyHAgQjiDf1m34Xpwzaqb76KgfzYrhK7iih+2IzcOCoZWr/8ZqmdBw+t0RU85ZmfJMgtgAiNtBQ/KS2325INXw==
  dependencies:
    playwright-core "1.40.0"
  optionalDependencies:
    fsevents "2.3.2"

prettier@^2.3.2:
  version "2.8.3"
  resolved "https://registry.yarnpkg.com/prettier/-/prettier-2.8.3.tgz#ab697b1d3dd46fb4626fbe2f543afe0cc98d8632"
  integrity sha512-tJ/oJ4amDihPoufT5sM0Z1SKEuKay8LfVAMlbbhnnkvt6BUserZylqo2PN+p9KeljLr0OHa2rXHU1T8reeoTrw==

typescript@^4.1.2:
  version "4.9.4"
  resolved "https://registry.yarnpkg.com/typescript/-/typescript-4.9.4.tgz#a2a3d2756c079abda241d75f149df9d561091e78"
  integrity sha512-Uz+dTXYzxXXbsFpM86Wh3dKCxrQqUcVMxwU54orwlJjOpO3ao8L7j5lH+dWfTwgCwIuM9GQ2kvVotzYJMXTBZg==
