# THIS IS AN AUTOGENERATED FILE. DO NOT EDIT THIS FILE DIRECTLY.
# yarn lockfile v1


"@types/node@^15.6.1":
  version "15.14.9"
  resolved "https://registry.yarnpkg.com/@types/node/-/node-15.14.9.tgz#bc43c990c3c9be7281868bbc7b8fdd6e2b57adfa"
  integrity sha512-qjd88DrCxupx/kJD5yQgZdcYKZKSIGBVDIBE1/LTGcNm3d2Np/jxojkdePDdfnBHJc5W7vSMpbJ1aB7p/Py69A==

compress-json@^2.1.1:
  version "2.1.2"
  resolved "https://registry.yarnpkg.com/compress-json/-/compress-json-2.1.2.tgz#37e0e7c7480c572fad9ad387fca5a2f36fee6f83"
  integrity sha512-91247RD8bKQXzRmXUS4zGT250mhw86+J9X8w2L2SGtRE7g0CvzjOETFaFmsDdaXPWv8T7L9iiM7kdcnnH3BH7w==

playwright-core@1.34.3:
  version "1.34.3"
  resolved "https://registry.yarnpkg.com/playwright-core/-/playwright-core-1.34.3.tgz#bc906ea1b26bb66116ce329436ee59ba2e78fe9f"
  integrity sha512-2pWd6G7OHKemc5x1r1rp8aQcpvDh7goMBZlJv6Co5vCNLVcQJdhxRL09SGaY6HcyHH9aT4tiynZabMofVasBYw==

playwright@^1.34.3:
  version "1.34.3"
  resolved "https://registry.yarnpkg.com/playwright/-/playwright-1.34.3.tgz#6dca584e52e3ebc3392435c8dadf4953c792f016"
  integrity sha512-UOOVE4ZbGfGkP1KVqWTdXOmm8Pw2pBhfbmlqKMkpiRCQjL5W+J+xRQXpgutFr0iM4pWl8g0GyyASMsqjQfFohw==
  dependencies:
    playwright-core "1.34.3"

prettier@^2.3.2:
  version "2.8.3"
  resolved "https://registry.yarnpkg.com/prettier/-/prettier-2.8.3.tgz#ab697b1d3dd46fb4626fbe2f543afe0cc98d8632"
  integrity sha512-tJ/oJ4amDihPoufT5sM0Z1SKEuKay8LfVAMlbbhnnkvt6BUserZylqo2PN+p9KeljLr0OHa2rXHU1T8reeoTrw==

typescript@^4.1.2:
  version "4.9.4"
  resolved "https://registry.yarnpkg.com/typescript/-/typescript-4.9.4.tgz#a2a3d2756c079abda241d75f149df9d561091e78"
  integrity sha512-Uz+dTXYzxXXbsFpM86Wh3dKCxrQqUcVMxwU54orwlJjOpO3ao8L7j5lH+dWfTwgCwIuM9GQ2kvVotzYJMXTBZg==
